
Microsoft Visual Studio Solution File, Format Version 12.00
# Visual Studio Version 16
VisualStudioVersion = 16.0.32602.291
MinimumVisualStudioVersion = 10.0.40219.1
Project("{FAE04EC0-301F-11D3-BF4B-00C04F79EFBC}") = "Server", "Server\Server.csproj", "{3A645CEF-DD6B-4A2B-AC7C-0785450D93EA}"
EndProject
Global
	GlobalSection(SolutionConfigurationPlatforms) = preSolution
		Debug|Any CPU = Debug|Any CPU
		Release|Any CPU = Release|Any CPU
	EndGlobalSection
	GlobalSection(ProjectConfigurationPlatforms) = postSolution
		{3A645CEF-DD6B-4A2B-AC7C-0785450D93EA}.Debug|Any CPU.ActiveCfg = Debug|Any CPU
		{3A645CEF-DD6B-4A2B-AC7C-0785450D93EA}.Debug|Any CPU.Build.0 = Debug|Any CPU
		{3A645CEF-DD6B-4A2B-AC7C-0785450D93EA}.Release|Any CPU.ActiveCfg = Release|Any CPU
		{3A645CEF-DD6B-4A2B-AC7C-0785450D93EA}.Release|Any CPU.Build.0 = Release|Any CPU
	EndGlobalSection
	GlobalSection(SolutionProperties) = preSolution
		HideSolutionNode = FALSE
	EndGlobalSection
	GlobalSection(ExtensibilityGlobals) = postSolution
		SolutionGuid = {816C36B6-8E2D-4D1D-B159-F5497CEEB049}
	EndGlobalSection
EndGlobal
